
Microsoft Visual Studio Solution File, Format Version 12.00
# Visual Studio 15
VisualStudioVersion = 15.0.28307.438
MinimumVisualStudioVersion = 10.0.40219.1
Project("{FAE04EC0-301F-11D3-BF4B-00C04F79EFBC}") = "Module2_1", "Module2_1\Module2_1.csproj", "{F3EE4094-84E5-43C6-BDE4-A7CF7C7424BE}"
EndProject
Global
	GlobalSection(SolutionConfigurationPlatforms) = preSolution
		Debug|Any CPU = Debug|Any CPU
		Release|Any CPU = Release|Any CPU
	EndGlobalSection
	GlobalSection(ProjectConfigurationPlatforms) = postSolution
		{F3EE4094-84E5-43C6-BDE4-A7CF7C7424BE}.Debug|Any CPU.ActiveCfg = Debug|Any CPU
		{F3EE4094-84E5-43C6-BDE4-A7CF7C7424BE}.Debug|Any CPU.Build.0 = Debug|Any CPU
		{F3EE4094-84E5-43C6-BDE4-A7CF7C7424BE}.Release|Any CPU.ActiveCfg = Release|Any CPU
		{F3EE4094-84E5-43C6-BDE4-A7CF7C7424BE}.Release|Any CPU.Build.0 = Release|Any CPU
	EndGlobalSection
	GlobalSection(SolutionProperties) = preSolution
		HideSolutionNode = FALSE
	EndGlobalSection
	GlobalSection(ExtensibilityGlobals) = postSolution
		SolutionGuid = {49035F3E-22D1-415F-8A2E-63485B24C83B}
	EndGlobalSection
EndGlobal
